
Microsoft Visual Studio Solution File, Format Version 12.00
# Visual Studio Version 16
VisualStudioVersion = 16.0.30523.141
MinimumVisualStudioVersion = 10.0.40219.1
Project("{FAE04EC0-301F-11D3-BF4B-00C04F79EFBC}") = "webbrowse", "webbrowse.csproj", "{E52C05AD-2DD6-482D-890A-EC4D6F32167D}"
EndProject
Global
	GlobalSection(SolutionConfigurationPlatforms) = preSolution
		Debug|Any CPU = Debug|Any CPU
		Release|Any CPU = Release|Any CPU
	EndGlobalSection
	GlobalSection(ProjectConfigurationPlatforms) = postSolution
		{E52C05AD-2DD6-482D-890A-EC4D6F32167D}.Debug|Any CPU.ActiveCfg = Debug|Any CPU
		{E52C05AD-2DD6-482D-890A-EC4D6F32167D}.Debug|Any CPU.Build.0 = Debug|Any CPU
		{E52C05AD-2DD6-482D-890A-EC4D6F32167D}.Release|Any CPU.ActiveCfg = Release|Any CPU
		{E52C05AD-2DD6-482D-890A-EC4D6F32167D}.Release|Any CPU.Build.0 = Release|Any CPU
	EndGlobalSection
	GlobalSection(SolutionProperties) = preSolution
		HideSolutionNode = FALSE
	EndGlobalSection
	GlobalSection(ExtensibilityGlobals) = postSolution
		SolutionGuid = {A07F6A4B-4271-4773-8498-6946265142C9}
	EndGlobalSection
EndGlobal
